
Microsoft Visual Studio Solution File, Format Version 12.00
# Visual Studio Version 17
VisualStudioVersion = 17.7.34221.43
MinimumVisualStudioVersion = 10.0.40219.1
Project("{FAE04EC0-301F-11D3-BF4B-00C04F79EFBC}") = "AutoFreedom", "AutoFreedom\AutoFreedom.csproj", "{5BBC2DA6-203D-4CAA-B8EF-531572893935}"
EndProject
Global
	GlobalSection(SolutionConfigurationPlatforms) = preSolution
		Debug|Any CPU = Debug|Any CPU
		Release|Any CPU = Release|Any CPU
	EndGlobalSection
	GlobalSection(ProjectConfigurationPlatforms) = postSolution
		{5BBC2DA6-203D-4CAA-B8EF-531572893935}.Debug|Any CPU.ActiveCfg = Debug|Any CPU
		{5BBC2DA6-203D-4CAA-B8EF-531572893935}.Debug|Any CPU.Build.0 = Debug|Any CPU
		{5BBC2DA6-203D-4CAA-B8EF-531572893935}.Release|Any CPU.ActiveCfg = Release|Any CPU
		{5BBC2DA6-203D-4CAA-B8EF-531572893935}.Release|Any CPU.Build.0 = Release|Any CPU
	EndGlobalSection
	GlobalSection(SolutionProperties) = preSolution
		HideSolutionNode = FALSE
	EndGlobalSection
	GlobalSection(ExtensibilityGlobals) = postSolution
		SolutionGuid = {634AFE40-5C97-4387-B96D-B037384050EC}
	EndGlobalSection
EndGlobal
